
Microsoft Visual Studio Solution File, Format Version 12.00
# Visual Studio 15
VisualStudioVersion = 15.0.27130.2010
MinimumVisualStudioVersion = 10.0.40219.1
Project("{2150E333-8FDC-42A3-9474-1A3956D46DE8}") = "Api", "Api", "{C9C725E2-56A8-475E-B616-086986ECBD69}"
EndProject
Project("{2150E333-8FDC-42A3-9474-1A3956D46DE8}") = "Test", "Test", "{AF40E539-038E-4F5D-A1FA-F8F0FFC50B04}"
EndProject
Project("{2150E333-8FDC-42A3-9474-1A3956D46DE8}") = "Utilities", "Utilities", "{01F7AF7B-234F-48A4-9031-F6073AC8F3ED}"
EndProject
Project("{FAE04EC0-301F-11D3-BF4B-00C04F79EFBC}") = "Extensions", "Utilities\Extensions\Extensions.csproj", "{7C265C25-AE58-4840-A8C7-A69CC6C3E63E}"
EndProject
Project("{FAE04EC0-301F-11D3-BF4B-00C04F79EFBC}") = "Extension.Test", "Test\ExtensionTests\Extension.Test.csproj", "{93A8FE7E-DFC2-43DF-AACA-1526C4D9CC73}"
EndProject
Project("{2150E333-8FDC-42A3-9474-1A3956D46DE8}") = "Bussiness", "Bussiness", "{31ABAF45-6BE2-435A-9CE9-01F5A1EF726D}"
EndProject
Project("{FAE04EC0-301F-11D3-BF4B-00C04F79EFBC}") = "DNAAnalyzer.NET.Bussiness.Contracts", "Bussiness\DNAAnalyzer.NET.Bussiness.Contracts\DNAAnalyzer.NET.Bussiness.Contracts.csproj", "{99A7E253-2C58-4380-BA33-3C5E8996BCAB}"
EndProject
Project("{FAE04EC0-301F-11D3-BF4B-00C04F79EFBC}") = "DNAAnalyzer.NET.Models", "Models\DNAAnalyzer.NET.Models\DNAAnalyzer.NET.Models.csproj", "{0BD7E611-D4C8-4EBE-B767-6CD6B2B15994}"
EndProject
Project("{2150E333-8FDC-42A3-9474-1A3956D46DE8}") = "Models", "Models", "{F2ED6FA4-3FF7-42E5-A3B4-5CE2A47EC655}"
EndProject
Project("{FAE04EC0-301F-11D3-BF4B-00C04F79EFBC}") = "DNAAnalyzer.NET.Models.Contracts", "Models\DNAAnalyzer.Net.Models.Contracts\DNAAnalyzer.NET.Models.Contracts.csproj", "{A56062FF-0C31-45C2-8F1A-E61EB4B0FD73}"
EndProject
Project("{FAE04EC0-301F-11D3-BF4B-00C04F79EFBC}") = "DNAAnalyzer.NET.Bussiness", "Bussiness\DNAAnalyzer.NET.Bussiness\DNAAnalyzer.NET.Bussiness.csproj", "{237C2623-CE6B-4BF9-A1B4-251BFFE10633}"
EndProject
Project("{FAE04EC0-301F-11D3-BF4B-00C04F79EFBC}") = "DNAAnalyzer.NET.Bussiness.Magneto.IntegrationTests", "Test\DNAAnalyzer.NET.Bussiness.Magneto.IntegrationTests\DNAAnalyzer.NET.Bussiness.Magneto.IntegrationTests.csproj", "{1C0EDAE9-1DAB-4243-A7BC-F76FB15C5640}"
EndProject
Project("{2150E333-8FDC-42A3-9474-1A3956D46DE8}") = "Solution Files", "Solution Files", "{58C49100-5F95-432B-845F-87F558310510}"
	ProjectSection(SolutionItems) = preProject
		mutantConfiguration.json = mutantConfiguration.json
	EndProjectSection
EndProject
Project("{FAE04EC0-301F-11D3-BF4B-00C04F79EFBC}") = "DNAAnalyzer.NET.Bussiness.Test", "Test\DNAAnalyzer.NET.Bussiness.Test\DNAAnalyzer.NET.Bussiness.Test.csproj", "{9CE2B2F5-0E73-470A-B587-E1BF6E764724}"
EndProject
Project("{FAE04EC0-301F-11D3-BF4B-00C04F79EFBC}") = "DNAAnalyzer.NET.Models.Test", "Test\DNAAnalyzer.NET.Models.Test\DNAAnalyzer.NET.Models.Test.csproj", "{4B2F4442-A5AE-4B2B-A5C5-E53C45233EBD}"
EndProject
Project("{FAE04EC0-301F-11D3-BF4B-00C04F79EFBC}") = "DNAAnalyzer.NET.Api", "Api\DNAAnalyzer.NET.Api\DNAAnalyzer.NET.Api.csproj", "{243F5F4B-E288-4700-9689-AEC3A824F395}"
EndProject
Project("{FAE04EC0-301F-11D3-BF4B-00C04F79EFBC}") = "DNAAnalyzer.NET.Api.Tests", "Test\DNAAnalyzer.NET.Api.Tests\DNAAnalyzer.NET.Api.Tests.csproj", "{0EA9B009-92D3-4837-99B3-9FBB2F58080C}"
EndProject
Project("{2150E333-8FDC-42A3-9474-1A3956D46DE8}") = "Services", "Services", "{38BAE460-DD07-4246-9A22-D263EE13A62D}"
EndProject
Project("{FAE04EC0-301F-11D3-BF4B-00C04F79EFBC}") = "DNAAnalyzer.NET.Services", "Services\DNAAnalyzer.NET.Services\DNAAnalyzer.NET.Services.csproj", "{204F0948-EDFF-43E9-B8A3-5457C7354E30}"
EndProject
Project("{FAE04EC0-301F-11D3-BF4B-00C04F79EFBC}") = "DNAAnalyzer.NET.Exceptions", "Exceptions\DNAAnalyzer.NET.Exceptions.csproj", "{B17AAA56-F754-48E1-89FD-DE85D8D3B447}"
EndProject
Project("{FAE04EC0-301F-11D3-BF4B-00C04F79EFBC}") = "DNAAnalyzer.NET.Services.Contracts", "Services\DNAAnalyzer.NET.Services.Contracts\DNAAnalyzer.NET.Services.Contracts.csproj", "{A1FD7979-7674-4722-B64D-EFF65FD9181B}"
EndProject
Project("{2150E333-8FDC-42A3-9474-1A3956D46DE8}") = "Data", "Data", "{ADBA75CC-D04D-4D23-806F-BD6695247547}"
EndProject
Project("{FAE04EC0-301F-11D3-BF4B-00C04F79EFBC}") = "DNAAnalyzer.NET.Data.Contracts", "Data\DNAAnalyzer.NET.Data.Contracts\DNAAnalyzer.NET.Data.Contracts.csproj", "{10F8EB4D-9CE6-4D1A-AD36-74979D0E8A4B}"
EndProject
Project("{FAE04EC0-301F-11D3-BF4B-00C04F79EFBC}") = "DNAAnalyzer.NET.Data.SQLServer", "Data\DNAAnalyzer.NET.Data.SQLServer\DNAAnalyzer.NET.Data.SQLServer.csproj", "{E1D615B0-ECED-4B6E-B718-3DBB1456D206}"
EndProject
Global
	GlobalSection(SolutionConfigurationPlatforms) = preSolution
		Debug|Any CPU = Debug|Any CPU
		Release|Any CPU = Release|Any CPU
	EndGlobalSection
	GlobalSection(ProjectConfigurationPlatforms) = postSolution
		{7C265C25-AE58-4840-A8C7-A69CC6C3E63E}.Debug|Any CPU.ActiveCfg = Debug|Any CPU
		{7C265C25-AE58-4840-A8C7-A69CC6C3E63E}.Debug|Any CPU.Build.0 = Debug|Any CPU
		{7C265C25-AE58-4840-A8C7-A69CC6C3E63E}.Release|Any CPU.ActiveCfg = Release|Any CPU
		{7C265C25-AE58-4840-A8C7-A69CC6C3E63E}.Release|Any CPU.Build.0 = Release|Any CPU
		{93A8FE7E-DFC2-43DF-AACA-1526C4D9CC73}.Debug|Any CPU.ActiveCfg = Debug|Any CPU
		{93A8FE7E-DFC2-43DF-AACA-1526C4D9CC73}.Debug|Any CPU.Build.0 = Debug|Any CPU
		{93A8FE7E-DFC2-43DF-AACA-1526C4D9CC73}.Release|Any CPU.ActiveCfg = Release|Any CPU
		{93A8FE7E-DFC2-43DF-AACA-1526C4D9CC73}.Release|Any CPU.Build.0 = Release|Any CPU
		{99A7E253-2C58-4380-BA33-3C5E8996BCAB}.Debug|Any CPU.ActiveCfg = Debug|Any CPU
		{99A7E253-2C58-4380-BA33-3C5E8996BCAB}.Debug|Any CPU.Build.0 = Debug|Any CPU
		{99A7E253-2C58-4380-BA33-3C5E8996BCAB}.Release|Any CPU.ActiveCfg = Release|Any CPU
		{99A7E253-2C58-4380-BA33-3C5E8996BCAB}.Release|Any CPU.Build.0 = Release|Any CPU
		{0BD7E611-D4C8-4EBE-B767-6CD6B2B15994}.Debug|Any CPU.ActiveCfg = Debug|Any CPU
		{0BD7E611-D4C8-4EBE-B767-6CD6B2B15994}.Debug|Any CPU.Build.0 = Debug|Any CPU
		{0BD7E611-D4C8-4EBE-B767-6CD6B2B15994}.Release|Any CPU.ActiveCfg = Release|Any CPU
		{0BD7E611-D4C8-4EBE-B767-6CD6B2B15994}.Release|Any CPU.Build.0 = Release|Any CPU
		{A56062FF-0C31-45C2-8F1A-E61EB4B0FD73}.Debug|Any CPU.ActiveCfg = Debug|Any CPU
		{A56062FF-0C31-45C2-8F1A-E61EB4B0FD73}.Debug|Any CPU.Build.0 = Debug|Any CPU
		{A56062FF-0C31-45C2-8F1A-E61EB4B0FD73}.Release|Any CPU.ActiveCfg = Release|Any CPU
		{A56062FF-0C31-45C2-8F1A-E61EB4B0FD73}.Release|Any CPU.Build.0 = Release|Any CPU
		{237C2623-CE6B-4BF9-A1B4-251BFFE10633}.Debug|Any CPU.ActiveCfg = Debug|Any CPU
		{237C2623-CE6B-4BF9-A1B4-251BFFE10633}.Debug|Any CPU.Build.0 = Debug|Any CPU
		{237C2623-CE6B-4BF9-A1B4-251BFFE10633}.Release|Any CPU.ActiveCfg = Release|Any CPU
		{237C2623-CE6B-4BF9-A1B4-251BFFE10633}.Release|Any CPU.Build.0 = Release|Any CPU
		{1C0EDAE9-1DAB-4243-A7BC-F76FB15C5640}.Debug|Any CPU.ActiveCfg = Debug|Any CPU
		{1C0EDAE9-1DAB-4243-A7BC-F76FB15C5640}.Debug|Any CPU.Build.0 = Debug|Any CPU
		{1C0EDAE9-1DAB-4243-A7BC-F76FB15C5640}.Release|Any CPU.ActiveCfg = Release|Any CPU
		{1C0EDAE9-1DAB-4243-A7BC-F76FB15C5640}.Release|Any CPU.Build.0 = Release|Any CPU
		{9CE2B2F5-0E73-470A-B587-E1BF6E764724}.Debug|Any CPU.ActiveCfg = Debug|Any CPU
		{9CE2B2F5-0E73-470A-B587-E1BF6E764724}.Debug|Any CPU.Build.0 = Debug|Any CPU
		{9CE2B2F5-0E73-470A-B587-E1BF6E764724}.Release|Any CPU.ActiveCfg = Release|Any CPU
		{9CE2B2F5-0E73-470A-B587-E1BF6E764724}.Release|Any CPU.Build.0 = Release|Any CPU
		{4B2F4442-A5AE-4B2B-A5C5-E53C45233EBD}.Debug|Any CPU.ActiveCfg = Debug|Any CPU
		{4B2F4442-A5AE-4B2B-A5C5-E53C45233EBD}.Debug|Any CPU.Build.0 = Debug|Any CPU
		{4B2F4442-A5AE-4B2B-A5C5-E53C45233EBD}.Release|Any CPU.ActiveCfg = Release|Any CPU
		{4B2F4442-A5AE-4B2B-A5C5-E53C45233EBD}.Release|Any CPU.Build.0 = Release|Any CPU
		{243F5F4B-E288-4700-9689-AEC3A824F395}.Debug|Any CPU.ActiveCfg = Debug|Any CPU
		{243F5F4B-E288-4700-9689-AEC3A824F395}.Debug|Any CPU.Build.0 = Debug|Any CPU
		{243F5F4B-E288-4700-9689-AEC3A824F395}.Release|Any CPU.ActiveCfg = Release|Any CPU
		{243F5F4B-E288-4700-9689-AEC3A824F395}.Release|Any CPU.Build.0 = Release|Any CPU
		{0EA9B009-92D3-4837-99B3-9FBB2F58080C}.Debug|Any CPU.ActiveCfg = Debug|Any CPU
		{0EA9B009-92D3-4837-99B3-9FBB2F58080C}.Debug|Any CPU.Build.0 = Debug|Any CPU
		{0EA9B009-92D3-4837-99B3-9FBB2F58080C}.Release|Any CPU.ActiveCfg = Release|Any CPU
		{0EA9B009-92D3-4837-99B3-9FBB2F58080C}.Release|Any CPU.Build.0 = Release|Any CPU
		{204F0948-EDFF-43E9-B8A3-5457C7354E30}.Debug|Any CPU.ActiveCfg = Debug|Any CPU
		{204F0948-EDFF-43E9-B8A3-5457C7354E30}.Debug|Any CPU.Build.0 = Debug|Any CPU
		{204F0948-EDFF-43E9-B8A3-5457C7354E30}.Release|Any CPU.ActiveCfg = Release|Any CPU
		{204F0948-EDFF-43E9-B8A3-5457C7354E30}.Release|Any CPU.Build.0 = Release|Any CPU
		{B17AAA56-F754-48E1-89FD-DE85D8D3B447}.Debug|Any CPU.ActiveCfg = Debug|Any CPU
		{B17AAA56-F754-48E1-89FD-DE85D8D3B447}.Debug|Any CPU.Build.0 = Debug|Any CPU
		{B17AAA56-F754-48E1-89FD-DE85D8D3B447}.Release|Any CPU.ActiveCfg = Release|Any CPU
		{B17AAA56-F754-48E1-89FD-DE85D8D3B447}.Release|Any CPU.Build.0 = Release|Any CPU
		{A1FD7979-7674-4722-B64D-EFF65FD9181B}.Debug|Any CPU.ActiveCfg = Debug|Any CPU
		{A1FD7979-7674-4722-B64D-EFF65FD9181B}.Debug|Any CPU.Build.0 = Debug|Any CPU
		{A1FD7979-7674-4722-B64D-EFF65FD9181B}.Release|Any CPU.ActiveCfg = Release|Any CPU
		{A1FD7979-7674-4722-B64D-EFF65FD9181B}.Release|Any CPU.Build.0 = Release|Any CPU
		{10F8EB4D-9CE6-4D1A-AD36-74979D0E8A4B}.Debug|Any CPU.ActiveCfg = Debug|Any CPU
		{10F8EB4D-9CE6-4D1A-AD36-74979D0E8A4B}.Debug|Any CPU.Build.0 = Debug|Any CPU
		{10F8EB4D-9CE6-4D1A-AD36-74979D0E8A4B}.Release|Any CPU.ActiveCfg = Release|Any CPU
		{10F8EB4D-9CE6-4D1A-AD36-74979D0E8A4B}.Release|Any CPU.Build.0 = Release|Any CPU
		{E1D615B0-ECED-4B6E-B718-3DBB1456D206}.Debug|Any CPU.ActiveCfg = Debug|Any CPU
		{E1D615B0-ECED-4B6E-B718-3DBB1456D206}.Debug|Any CPU.Build.0 = Debug|Any CPU
		{E1D615B0-ECED-4B6E-B718-3DBB1456D206}.Release|Any CPU.ActiveCfg = Release|Any CPU
		{E1D615B0-ECED-4B6E-B718-3DBB1456D206}.Release|Any CPU.Build.0 = Release|Any CPU
	EndGlobalSection
	GlobalSection(SolutionProperties) = preSolution
		HideSolutionNode = FALSE
	EndGlobalSection
	GlobalSection(NestedProjects) = preSolution
		{7C265C25-AE58-4840-A8C7-A69CC6C3E63E} = {01F7AF7B-234F-48A4-9031-F6073AC8F3ED}
		{93A8FE7E-DFC2-43DF-AACA-1526C4D9CC73} = {AF40E539-038E-4F5D-A1FA-F8F0FFC50B04}
		{99A7E253-2C58-4380-BA33-3C5E8996BCAB} = {31ABAF45-6BE2-435A-9CE9-01F5A1EF726D}
		{0BD7E611-D4C8-4EBE-B767-6CD6B2B15994} = {F2ED6FA4-3FF7-42E5-A3B4-5CE2A47EC655}
		{A56062FF-0C31-45C2-8F1A-E61EB4B0FD73} = {F2ED6FA4-3FF7-42E5-A3B4-5CE2A47EC655}
		{237C2623-CE6B-4BF9-A1B4-251BFFE10633} = {31ABAF45-6BE2-435A-9CE9-01F5A1EF726D}
		{1C0EDAE9-1DAB-4243-A7BC-F76FB15C5640} = {AF40E539-038E-4F5D-A1FA-F8F0FFC50B04}
		{9CE2B2F5-0E73-470A-B587-E1BF6E764724} = {AF40E539-038E-4F5D-A1FA-F8F0FFC50B04}
		{4B2F4442-A5AE-4B2B-A5C5-E53C45233EBD} = {AF40E539-038E-4F5D-A1FA-F8F0FFC50B04}
		{243F5F4B-E288-4700-9689-AEC3A824F395} = {C9C725E2-56A8-475E-B616-086986ECBD69}
		{0EA9B009-92D3-4837-99B3-9FBB2F58080C} = {AF40E539-038E-4F5D-A1FA-F8F0FFC50B04}
		{204F0948-EDFF-43E9-B8A3-5457C7354E30} = {38BAE460-DD07-4246-9A22-D263EE13A62D}
		{B17AAA56-F754-48E1-89FD-DE85D8D3B447} = {01F7AF7B-234F-48A4-9031-F6073AC8F3ED}
		{A1FD7979-7674-4722-B64D-EFF65FD9181B} = {38BAE460-DD07-4246-9A22-D263EE13A62D}
		{10F8EB4D-9CE6-4D1A-AD36-74979D0E8A4B} = {ADBA75CC-D04D-4D23-806F-BD6695247547}
		{E1D615B0-ECED-4B6E-B718-3DBB1456D206} = {ADBA75CC-D04D-4D23-806F-BD6695247547}
	EndGlobalSection
	GlobalSection(ExtensibilityGlobals) = postSolution
		SolutionGuid = {9F7B0F64-3152-4C0C-81BB-6913E32CF307}
	EndGlobalSection
EndGlobal
